
Microsoft Visual Studio Solution File, Format Version 12.00
# Visual Studio Version 17
VisualStudioVersion = 17.8.34322.80
MinimumVisualStudioVersion = 10.0.40219.1
Project("{888888A0-9F3D-457C-B088-3A5042F75D52}") = "Vision_transformer_draft", "Vision_transformer_draft.pyproj", "{4ABE91A7-E3E5-49D9-A6A3-86C7770C4923}"
EndProject
Global
	GlobalSection(SolutionConfigurationPlatforms) = preSolution
		Debug|Any CPU = Debug|Any CPU
		Release|Any CPU = Release|Any CPU
	EndGlobalSection
	GlobalSection(ProjectConfigurationPlatforms) = postSolution
		{4ABE91A7-E3E5-49D9-A6A3-86C7770C4923}.Debug|Any CPU.ActiveCfg = Debug|Any CPU
		{4ABE91A7-E3E5-49D9-A6A3-86C7770C4923}.Release|Any CPU.ActiveCfg = Release|Any CPU
	EndGlobalSection
	GlobalSection(SolutionProperties) = preSolution
		HideSolutionNode = FALSE
	EndGlobalSection
	GlobalSection(ExtensibilityGlobals) = postSolution
		SolutionGuid = {1CC3CD0B-6BE9-4F95-AF9E-122C629C9AB7}
	EndGlobalSection
EndGlobal
